// !$*UTF8*$!
{
	archiveVersion = 1;
	classes = {
	};
	objectVersion = 52;
	objects = {

/* Begin PBXBuildFile section */
		0C54E4B32F21E4E9F5E067FD /* SnapKit in Frameworks */ = {isa = PBXBuildFile; productRef = E0372A427FC431C5A777F08C /* SnapKit */; };
		3AEE2CA94A3543A98722D990 /* RxSwift in Frameworks */ = {isa = PBXBuildFile; productRef = BF93AAAB3762D33AAFA3E594 /* RxSwift */; };
		3CFD0C044A4B3A09DF905712 /* Assets.xcassets in Resources */ = {isa = PBXBuildFile; fileRef = 47F10A9578DAE97BC6115E6B /* Assets.xcassets */; };
		3D0B3A0487F793FD0B68DA44 /* MemoTests.swift in Sources */ = {isa = PBXBuildFile; fileRef = 766DD43E537AA54D2C96A3AD /* MemoTests.swift */; };
		A530057B09BD484984589EE6 /* Then in Frameworks */ = {isa = PBXBuildFile; productRef = 75BC98886C827A099ACCC6CE /* Then */; };
		BFB5E865672C7CE931E83607 /* XCTest.framework in Frameworks */ = {isa = PBXBuildFile; fileRef = A6B3DBF7CA9695FCA2F6C36E /* XCTest.framework */; };
		C2DCDABC27B3D1BB66DAFFF4 /* AppDelegate.swift in Sources */ = {isa = PBXBuildFile; fileRef = 1A8569954251237CF01641E1 /* AppDelegate.swift */; };
		C558072FD6C70E869F441859 /* LaunchScreen.storyboard in Resources */ = {isa = PBXBuildFile; fileRef = 0C33B251B28167DF4DE41D93 /* LaunchScreen.storyboard */; };
		C775A6AEA2B838C66A705E61 /* RIBs in Frameworks */ = {isa = PBXBuildFile; productRef = 854262613D6E01C505B4BA92 /* RIBs */; };
		D7A4043F304D44D788F202C6 /* RxTest in Frameworks */ = {isa = PBXBuildFile; productRef = C28E9DA5AB248067FB46BA51 /* RxTest */; };
		F586E01085E5E1E424D057F5 /* ViewController.swift in Sources */ = {isa = PBXBuildFile; fileRef = FB9C98DECF6BD5633B33EE11 /* ViewController.swift */; };
/* End PBXBuildFile section */

/* Begin PBXContainerItemProxy section */
		EEDCF7BE92A16B9E00FF9BD5 /* PBXContainerItemProxy */ = {
			isa = PBXContainerItemProxy;
			containerPortal = 017A2E9D518BB920B1A08D50 /* Project object */;
			proxyType = 1;
			remoteGlobalIDString = F89F83D962E964419FDE9238;
			remoteInfo = Memo;
		};
/* End PBXContainerItemProxy section */

/* Begin PBXCopyFilesBuildPhase section */
		DEFBD283FB1F7E78D0FC4A97 /* Embed Frameworks */ = {
			isa = PBXCopyFilesBuildPhase;
			buildActionMask = 2147483647;
			dstPath = "";
			dstSubfolderSpec = 10;
			files = (
			);
			name = "Embed Frameworks";
			runOnlyForDeploymentPostprocessing = 0;
		};
		E5D84BBE3AB8E1F8820A79F1 /* Embed Frameworks */ = {
			isa = PBXCopyFilesBuildPhase;
			buildActionMask = 2147483647;
			dstPath = "";
			dstSubfolderSpec = 10;
			files = (
			);
			name = "Embed Frameworks";
			runOnlyForDeploymentPostprocessing = 0;
		};
/* End PBXCopyFilesBuildPhase section */

/* Begin PBXFileReference section */
		080D829F2C927BEFF594A092 /* MemoTests-Info.plist */ = {isa = PBXFileReference; lastKnownFileType = text.plist; path = "MemoTests-Info.plist"; sourceTree = "<group>"; };
		1A8569954251237CF01641E1 /* AppDelegate.swift */ = {isa = PBXFileReference; lastKnownFileType = sourcecode.swift; path = AppDelegate.swift; sourceTree = "<group>"; };
		47F10A9578DAE97BC6115E6B /* Assets.xcassets */ = {isa = PBXFileReference; lastKnownFileType = folder.assetcatalog; path = Assets.xcassets; sourceTree = "<group>"; };
		522DFF5C061268AE218F6AEC /* Memo.app */ = {isa = PBXFileReference; explicitFileType = wrapper.application; includeInIndex = 0; path = Memo.app; sourceTree = BUILT_PRODUCTS_DIR; };
		669BA757D213A2CF21705D3F /* MemoTests.xctest */ = {isa = PBXFileReference; explicitFileType = wrapper.cfbundle; includeInIndex = 0; path = MemoTests.xctest; sourceTree = BUILT_PRODUCTS_DIR; };
		766DD43E537AA54D2C96A3AD /* MemoTests.swift */ = {isa = PBXFileReference; lastKnownFileType = sourcecode.swift; path = MemoTests.swift; sourceTree = "<group>"; };
		9247DC5403955484D94D5396 /* Info.plist */ = {isa = PBXFileReference; lastKnownFileType = text.plist; path = Info.plist; sourceTree = "<group>"; };
		A6B3DBF7CA9695FCA2F6C36E /* XCTest.framework */ = {isa = PBXFileReference; lastKnownFileType = wrapper.framework; name = XCTest.framework; path = Platforms/iPhoneOS.platform/Developer/Library/Frameworks/XCTest.framework; sourceTree = DEVELOPER_DIR; };
		E1A4626C4ECCA7F9DC422AC6 /* Base */ = {isa = PBXFileReference; lastKnownFileType = file.storyboard; name = Base; path = Base.lproj/LaunchScreen.storyboard; sourceTree = "<group>"; };
		FB9C98DECF6BD5633B33EE11 /* ViewController.swift */ = {isa = PBXFileReference; lastKnownFileType = sourcecode.swift; path = ViewController.swift; sourceTree = "<group>"; };
/* End PBXFileReference section */

/* Begin PBXFrameworksBuildPhase section */
		6AC95E07997F0C12357256B5 /* Frameworks */ = {
			isa = PBXFrameworksBuildPhase;
			buildActionMask = 2147483647;
			files = (
				BFB5E865672C7CE931E83607 /* XCTest.framework in Frameworks */,
				D7A4043F304D44D788F202C6 /* RxTest in Frameworks */,
			);
			runOnlyForDeploymentPostprocessing = 0;
		};
		8EF906EF95F0D8023EF28860 /* Frameworks */ = {
			isa = PBXFrameworksBuildPhase;
			buildActionMask = 2147483647;
			files = (
				3AEE2CA94A3543A98722D990 /* RxSwift in Frameworks */,
				C775A6AEA2B838C66A705E61 /* RIBs in Frameworks */,
				A530057B09BD484984589EE6 /* Then in Frameworks */,
				0C54E4B32F21E4E9F5E067FD /* SnapKit in Frameworks */,
			);
			runOnlyForDeploymentPostprocessing = 0;
		};
/* End PBXFrameworksBuildPhase section */

/* Begin PBXGroup section */
		2961917AE047BB9B40ADB015 /* Frameworks */ = {
			isa = PBXGroup;
			children = (
				A6B3DBF7CA9695FCA2F6C36E /* XCTest.framework */,
			);
			name = Frameworks;
			sourceTree = "<group>";
		};
		3611954DB671F9CA07E9D498 /* Products */ = {
			isa = PBXGroup;
			children = (
				522DFF5C061268AE218F6AEC /* Memo.app */,
				669BA757D213A2CF21705D3F /* MemoTests.xctest */,
			);
			name = Products;
			sourceTree = "<group>";
		};
		4A1EC96BA2EE5071D19E74FA /* Root */ = {
			isa = PBXGroup;
			children = (
				FB9C98DECF6BD5633B33EE11 /* ViewController.swift */,
			);
			path = Root;
			sourceTree = "<group>";
		};
		6EA883C123E4F45C6CBBD3AD = {
			isa = PBXGroup;
			children = (
				CF47250E9E7081E3E023D592 /* Project */,
				2961917AE047BB9B40ADB015 /* Frameworks */,
				3611954DB671F9CA07E9D498 /* Products */,
			);
			indentWidth = 4;
			sourceTree = "<group>";
			tabWidth = 4;
			usesTabs = 0;
			wrapsLines = 1;
		};
		7184F2A7EF8841F11279F7A7 /* Sources */ = {
			isa = PBXGroup;
			children = (
				F6B36EBD234EFA446833559F /* Entry */,
				4A1EC96BA2EE5071D19E74FA /* Root */,
			);
			path = Sources;
			sourceTree = "<group>";
		};
		CF47250E9E7081E3E023D592 /* Project */ = {
			isa = PBXGroup;
			children = (
				ED3F4EECDB75A965B4C31FA9 /* Resources */,
				7184F2A7EF8841F11279F7A7 /* Sources */,
				E6374410C189454C93F61413 /* Supported Files */,
				F304400DCB095CF21984DB2E /* Tests */,
			);
			name = Project;
			sourceTree = "<group>";
		};
		E6374410C189454C93F61413 /* Supported Files */ = {
			isa = PBXGroup;
			children = (
				9247DC5403955484D94D5396 /* Info.plist */,
				080D829F2C927BEFF594A092 /* MemoTests-Info.plist */,
			);
			path = "Supported Files";
			sourceTree = "<group>";
		};
		ED3F4EECDB75A965B4C31FA9 /* Resources */ = {
			isa = PBXGroup;
			children = (
				0C33B251B28167DF4DE41D93 /* LaunchScreen.storyboard */,
				47F10A9578DAE97BC6115E6B /* Assets.xcassets */,
			);
			path = Resources;
			sourceTree = "<group>";
		};
		F304400DCB095CF21984DB2E /* Tests */ = {
			isa = PBXGroup;
			children = (
				766DD43E537AA54D2C96A3AD /* MemoTests.swift */,
			);
			path = Tests;
			sourceTree = "<group>";
		};
		F6B36EBD234EFA446833559F /* Entry */ = {
			isa = PBXGroup;
			children = (
				1A8569954251237CF01641E1 /* AppDelegate.swift */,
			);
			path = Entry;
			sourceTree = "<group>";
		};
/* End PBXGroup section */

/* Begin PBXNativeTarget section */
		8F2504D313D1DA6D3AC5E6DB /* MemoTests */ = {
			isa = PBXNativeTarget;
			buildConfigurationList = 98BC4B871995FCBC3190F229 /* Build configuration list for PBXNativeTarget "MemoTests" */;
			buildPhases = (
				D57DF38D412C3C366A1154C6 /* Sources */,
				E4FFBC16798AC80D4BC98EEE /* Resources */,
				DEFBD283FB1F7E78D0FC4A97 /* Embed Frameworks */,
				6AC95E07997F0C12357256B5 /* Frameworks */,
			);
			buildRules = (
			);
			dependencies = (
				024BEFB29FA6C0E788FFF281 /* PBXTargetDependency */,
			);
			name = MemoTests;
			packageProductDependencies = (
				C28E9DA5AB248067FB46BA51 /* RxTest */,
			);
			productName = MemoTests;
			productReference = 669BA757D213A2CF21705D3F /* MemoTests.xctest */;
			productType = "com.apple.product-type.bundle.unit-test";
		};
		F89F83D962E964419FDE9238 /* Memo */ = {
			isa = PBXNativeTarget;
			buildConfigurationList = 6295148E19F280156EA9B873 /* Build configuration list for PBXNativeTarget "Memo" */;
			buildPhases = (
				67A1F474056F6A39FFF07DBC /* Sources */,
				41E55EC3955E8995F65931B0 /* Resources */,
				E5D84BBE3AB8E1F8820A79F1 /* Embed Frameworks */,
				8EF906EF95F0D8023EF28860 /* Frameworks */,
			);
			buildRules = (
			);
			dependencies = (
			);
			name = Memo;
			packageProductDependencies = (
				BF93AAAB3762D33AAFA3E594 /* RxSwift */,
				854262613D6E01C505B4BA92 /* RIBs */,
				75BC98886C827A099ACCC6CE /* Then */,
				E0372A427FC431C5A777F08C /* SnapKit */,
			);
			productName = Memo;
			productReference = 522DFF5C061268AE218F6AEC /* Memo.app */;
			productType = "com.apple.product-type.application";
		};
/* End PBXNativeTarget section */

/* Begin PBXProject section */
		017A2E9D518BB920B1A08D50 /* Project object */ = {
			isa = PBXProject;
			attributes = {
				ORGANIZATIONNAME = Memo;
				TargetAttributes = {
					8F2504D313D1DA6D3AC5E6DB = {
						TestTargetID = F89F83D962E964419FDE9238;
					};
				};
			};
			buildConfigurationList = 7EC60AD3B94D77CD4F10E43C /* Build configuration list for PBXProject "Memo" */;
			compatibilityVersion = "Xcode 13.0";
			developmentRegion = en;
			hasScannedForEncodings = 0;
			knownRegions = (
				Base,
				en,
			);
			mainGroup = 6EA883C123E4F45C6CBBD3AD;
			packageReferences = (
				29B8EF8C7542E2A46EC0493A /* XCRemoteSwiftPackageReference "RxSwift" */,
				B2DE47650721F9C752FDA6FC /* XCRemoteSwiftPackageReference "SnapKit" */,
				A40DAE9F2B6B9E3BC1192BB8 /* XCRemoteSwiftPackageReference "Then" */,
				4C87E5E361B074259E97ACF2 /* XCRemoteSwiftPackageReference "RIBs" */,
			);
			productRefGroup = 3611954DB671F9CA07E9D498 /* Products */;
			projectDirPath = "";
			projectRoot = "";
			targets = (
				F89F83D962E964419FDE9238 /* Memo */,
				8F2504D313D1DA6D3AC5E6DB /* MemoTests */,
			);
		};
/* End PBXProject section */

/* Begin PBXResourcesBuildPhase section */
		41E55EC3955E8995F65931B0 /* Resources */ = {
			isa = PBXResourcesBuildPhase;
			buildActionMask = 2147483647;
			files = (
				3CFD0C044A4B3A09DF905712 /* Assets.xcassets in Resources */,
				C558072FD6C70E869F441859 /* LaunchScreen.storyboard in Resources */,
			);
			runOnlyForDeploymentPostprocessing = 0;
		};
		E4FFBC16798AC80D4BC98EEE /* Resources */ = {
			isa = PBXResourcesBuildPhase;
			buildActionMask = 2147483647;
			files = (
			);
			runOnlyForDeploymentPostprocessing = 0;
		};
/* End PBXResourcesBuildPhase section */

/* Begin PBXSourcesBuildPhase section */
		67A1F474056F6A39FFF07DBC /* Sources */ = {
			isa = PBXSourcesBuildPhase;
			buildActionMask = 2147483647;
			files = (
				C2DCDABC27B3D1BB66DAFFF4 /* AppDelegate.swift in Sources */,
				F586E01085E5E1E424D057F5 /* ViewController.swift in Sources */,
			);
			runOnlyForDeploymentPostprocessing = 0;
		};
		D57DF38D412C3C366A1154C6 /* Sources */ = {
			isa = PBXSourcesBuildPhase;
			buildActionMask = 2147483647;
			files = (
				3D0B3A0487F793FD0B68DA44 /* MemoTests.swift in Sources */,
			);
			runOnlyForDeploymentPostprocessing = 0;
		};
/* End PBXSourcesBuildPhase section */

/* Begin PBXTargetDependency section */
		024BEFB29FA6C0E788FFF281 /* PBXTargetDependency */ = {
			isa = PBXTargetDependency;
			name = Memo;
			target = F89F83D962E964419FDE9238 /* Memo */;
			targetProxy = EEDCF7BE92A16B9E00FF9BD5 /* PBXContainerItemProxy */;
		};
/* End PBXTargetDependency section */

/* Begin PBXVariantGroup section */
		0C33B251B28167DF4DE41D93 /* LaunchScreen.storyboard */ = {
			isa = PBXVariantGroup;
			children = (
				E1A4626C4ECCA7F9DC422AC6 /* Base */,
			);
			name = LaunchScreen.storyboard;
			sourceTree = "<group>";
		};
/* End PBXVariantGroup section */

/* Begin XCBuildConfiguration section */
		273D66B9E69C60D9442A5D78 /* Release */ = {
			isa = XCBuildConfiguration;
			buildSettings = {
				ALWAYS_SEARCH_USER_PATHS = NO;
				CLANG_ANALYZER_LOCALIZABILITY_NONLOCALIZED = YES;
				CLANG_ANALYZER_NONNULL = YES;
				CLANG_ANALYZER_NUMBER_OBJECT_CONVERSION = YES_AGGRESSIVE;
				CLANG_CXX_LANGUAGE_STANDARD = "gnu++14";
				CLANG_CXX_LIBRARY = "libc++";
				CLANG_ENABLE_MODULES = YES;
				CLANG_ENABLE_OBJC_ARC = YES;
				CLANG_ENABLE_OBJC_WEAK = YES;
				CLANG_WARN_BLOCK_CAPTURE_AUTORELEASING = YES;
				CLANG_WARN_BOOL_CONVERSION = YES;
				CLANG_WARN_COMMA = YES;
				CLANG_WARN_CONSTANT_CONVERSION = YES;
				CLANG_WARN_DEPRECATED_OBJC_IMPLEMENTATIONS = YES;
				CLANG_WARN_DIRECT_OBJC_ISA_USAGE = YES_ERROR;
				CLANG_WARN_DOCUMENTATION_COMMENTS = YES;
				CLANG_WARN_EMPTY_BODY = YES;
				CLANG_WARN_ENUM_CONVERSION = YES;
				CLANG_WARN_INFINITE_RECURSION = YES;
				CLANG_WARN_INT_CONVERSION = YES;
				CLANG_WARN_NON_LITERAL_NULL_CONVERSION = YES;
				CLANG_WARN_OBJC_IMPLICIT_RETAIN_SELF = YES;
				CLANG_WARN_OBJC_LITERAL_CONVERSION = YES;
				CLANG_WARN_OBJC_ROOT_CLASS = YES_ERROR;
				CLANG_WARN_QUOTED_INCLUDE_IN_FRAMEWORK_HEADER = YES;
				CLANG_WARN_RANGE_LOOP_ANALYSIS = YES;
				CLANG_WARN_STRICT_PROTOTYPES = YES;
				CLANG_WARN_SUSPICIOUS_MOVE = YES;
				CLANG_WARN_UNGUARDED_AVAILABILITY = YES_AGGRESSIVE;
				CLANG_WARN_UNREACHABLE_CODE = YES;
				CLANG_WARN__DUPLICATE_METHOD_MATCH = YES;
				COPY_PHASE_STRIP = NO;
				DEAD_CODE_STRIPPING = YES;
				DEBUG_INFORMATION_FORMAT = "dwarf-with-dsym";
				ENABLE_NS_ASSERTIONS = NO;
				ENABLE_STRICT_OBJC_MSGSEND = YES;
				GCC_C_LANGUAGE_STANDARD = gnu11;
				GCC_NO_COMMON_BLOCKS = YES;
				GCC_WARN_64_TO_32_BIT_CONVERSION = YES;
				GCC_WARN_ABOUT_RETURN_TYPE = YES_ERROR;
				GCC_WARN_UNDECLARED_SELECTOR = YES;
				GCC_WARN_UNINITIALIZED_AUTOS = YES_AGGRESSIVE;
				GCC_WARN_UNUSED_FUNCTION = YES;
				GCC_WARN_UNUSED_VARIABLE = YES;
				MTL_ENABLE_DEBUG_INFO = NO;
				PRODUCT_NAME = "$(TARGET_NAME)";
				VALIDATE_PRODUCT = YES;
			};
			name = Release;
		};
		CB247636CAD0CEE7D222C408 /* Release */ = {
			isa = XCBuildConfiguration;
			buildSettings = {
				BUNDLE_LOADER = "$(TEST_HOST)";
				CODE_SIGN_IDENTITY = "iPhone Developer";
				FRAMEWORK_SEARCH_PATHS = (
					"$(inherited)",
					"$(PLATFORM_DIR)/Developer/Library/Frameworks",
				);
				INFOPLIST_FILE = "Supported Files/MemoTests-Info.plist";
				IPHONEOS_DEPLOYMENT_TARGET = 14.2;
				LD_RUNPATH_SEARCH_PATHS = (
					"$(inherited)",
					"@executable_path/Frameworks",
					"@loader_path/Frameworks",
				);
				PRODUCT_BUNDLE_IDENTIFIER = com.dd.MemoTests;
				PRODUCT_NAME = MemoTests;
				SDKROOT = iphoneos;
				SUPPORTS_MACCATALYST = NO;
				SWIFT_COMPILATION_MODE = wholemodule;
				SWIFT_OPTIMIZATION_LEVEL = "-Owholemodule";
				SWIFT_VERSION = 5.0;
				TARGETED_DEVICE_FAMILY = 1;
				TEST_HOST = "$(BUILT_PRODUCTS_DIR)/Memo.app/Memo";
				TEST_TARGET_NAME = Memo;
			};
			name = Release;
		};
		CB990AC10C4FF7D38E572E97 /* Debug */ = {
			isa = XCBuildConfiguration;
			buildSettings = {
				ASSETCATALOG_COMPILER_APPICON_NAME = AppIcon;
				CODE_SIGN_IDENTITY = "iPhone Developer";
				ENABLE_PREVIEWS = YES;
				INFOPLIST_FILE = "Supported Files/Info.plist";
				IPHONEOS_DEPLOYMENT_TARGET = 14.2;
				LD_RUNPATH_SEARCH_PATHS = (
					"$(inherited)",
					"@executable_path/Frameworks",
				);
				PRODUCT_BUNDLE_IDENTIFIER = com.dd.Memo;
				PRODUCT_NAME = Memo;
				SDKROOT = iphoneos;
				SUPPORTS_MACCATALYST = NO;
				SWIFT_ACTIVE_COMPILATION_CONDITIONS = DEBUG;
				SWIFT_COMPILATION_MODE = singlefile;
				SWIFT_OPTIMIZATION_LEVEL = "-Onone";
				SWIFT_VERSION = 5.0;
				TARGETED_DEVICE_FAMILY = 1;
			};
			name = Debug;
		};
		CEB9362C78C472991D1387F0 /* Release */ = {
			isa = XCBuildConfiguration;
			buildSettings = {
				ASSETCATALOG_COMPILER_APPICON_NAME = AppIcon;
				CODE_SIGN_IDENTITY = "iPhone Developer";
				ENABLE_PREVIEWS = YES;
				INFOPLIST_FILE = "Supported Files/Info.plist";
				IPHONEOS_DEPLOYMENT_TARGET = 14.2;
				LD_RUNPATH_SEARCH_PATHS = (
					"$(inherited)",
					"@executable_path/Frameworks",
				);
				PRODUCT_BUNDLE_IDENTIFIER = com.dd.Memo;
				PRODUCT_NAME = Memo;
				SDKROOT = iphoneos;
				SUPPORTS_MACCATALYST = NO;
				SWIFT_COMPILATION_MODE = wholemodule;
				SWIFT_OPTIMIZATION_LEVEL = "-Owholemodule";
				SWIFT_VERSION = 5.0;
				TARGETED_DEVICE_FAMILY = 1;
			};
			name = Release;
		};
		EB1F88B4F4E8DEE78EDCFCE7 /* Debug */ = {
			isa = XCBuildConfiguration;
			buildSettings = {
				BUNDLE_LOADER = "$(TEST_HOST)";
				CODE_SIGN_IDENTITY = "iPhone Developer";
				FRAMEWORK_SEARCH_PATHS = (
					"$(inherited)",
					"$(PLATFORM_DIR)/Developer/Library/Frameworks",
				);
				INFOPLIST_FILE = "Supported Files/MemoTests-Info.plist";
				IPHONEOS_DEPLOYMENT_TARGET = 14.2;
				LD_RUNPATH_SEARCH_PATHS = (
					"$(inherited)",
					"@executable_path/Frameworks",
					"@loader_path/Frameworks",
				);
				PRODUCT_BUNDLE_IDENTIFIER = com.dd.MemoTests;
				PRODUCT_NAME = MemoTests;
				SDKROOT = iphoneos;
				SUPPORTS_MACCATALYST = NO;
				SWIFT_ACTIVE_COMPILATION_CONDITIONS = DEBUG;
				SWIFT_COMPILATION_MODE = singlefile;
				SWIFT_OPTIMIZATION_LEVEL = "-Onone";
				SWIFT_VERSION = 5.0;
				TARGETED_DEVICE_FAMILY = 1;
				TEST_HOST = "$(BUILT_PRODUCTS_DIR)/Memo.app/Memo";
				TEST_TARGET_NAME = Memo;
			};
			name = Debug;
		};
		EFCB622DD53F9CDF21052382 /* Debug */ = {
			isa = XCBuildConfiguration;
			buildSettings = {
				ALWAYS_SEARCH_USER_PATHS = NO;
				CLANG_ANALYZER_LOCALIZABILITY_NONLOCALIZED = YES;
				CLANG_ANALYZER_NONNULL = YES;
				CLANG_ANALYZER_NUMBER_OBJECT_CONVERSION = YES_AGGRESSIVE;
				CLANG_CXX_LANGUAGE_STANDARD = "gnu++14";
				CLANG_CXX_LIBRARY = "libc++";
				CLANG_ENABLE_MODULES = YES;
				CLANG_ENABLE_OBJC_ARC = YES;
				CLANG_ENABLE_OBJC_WEAK = YES;
				CLANG_WARN_BLOCK_CAPTURE_AUTORELEASING = YES;
				CLANG_WARN_BOOL_CONVERSION = YES;
				CLANG_WARN_COMMA = YES;
				CLANG_WARN_CONSTANT_CONVERSION = YES;
				CLANG_WARN_DEPRECATED_OBJC_IMPLEMENTATIONS = YES;
				CLANG_WARN_DIRECT_OBJC_ISA_USAGE = YES_ERROR;
				CLANG_WARN_DOCUMENTATION_COMMENTS = YES;
				CLANG_WARN_EMPTY_BODY = YES;
				CLANG_WARN_ENUM_CONVERSION = YES;
				CLANG_WARN_INFINITE_RECURSION = YES;
				CLANG_WARN_INT_CONVERSION = YES;
				CLANG_WARN_NON_LITERAL_NULL_CONVERSION = YES;
				CLANG_WARN_OBJC_IMPLICIT_RETAIN_SELF = YES;
				CLANG_WARN_OBJC_LITERAL_CONVERSION = YES;
				CLANG_WARN_OBJC_ROOT_CLASS = YES_ERROR;
				CLANG_WARN_QUOTED_INCLUDE_IN_FRAMEWORK_HEADER = YES;
				CLANG_WARN_RANGE_LOOP_ANALYSIS = YES;
				CLANG_WARN_STRICT_PROTOTYPES = YES;
				CLANG_WARN_SUSPICIOUS_MOVE = YES;
				CLANG_WARN_UNGUARDED_AVAILABILITY = YES_AGGRESSIVE;
				CLANG_WARN_UNREACHABLE_CODE = YES;
				CLANG_WARN__DUPLICATE_METHOD_MATCH = YES;
				COPY_PHASE_STRIP = NO;
				DEAD_CODE_STRIPPING = YES;
				DEBUG_INFORMATION_FORMAT = dwarf;
				ENABLE_STRICT_OBJC_MSGSEND = YES;
				ENABLE_TESTABILITY = YES;
				GCC_C_LANGUAGE_STANDARD = gnu11;
				GCC_DYNAMIC_NO_PIC = NO;
				GCC_NO_COMMON_BLOCKS = YES;
				GCC_OPTIMIZATION_LEVEL = 0;
				GCC_PREPROCESSOR_DEFINITIONS = (
					"DEBUG=1",
					"$(inherited)",
				);
				GCC_WARN_64_TO_32_BIT_CONVERSION = YES;
				GCC_WARN_ABOUT_RETURN_TYPE = YES_ERROR;
				GCC_WARN_UNDECLARED_SELECTOR = YES;
				GCC_WARN_UNINITIALIZED_AUTOS = YES_AGGRESSIVE;
				GCC_WARN_UNUSED_FUNCTION = YES;
				GCC_WARN_UNUSED_VARIABLE = YES;
				MTL_ENABLE_DEBUG_INFO = YES;
				ONLY_ACTIVE_ARCH = YES;
				PRODUCT_NAME = "$(TARGET_NAME)";
			};
			name = Debug;
		};
/* End XCBuildConfiguration section */

/* Begin XCConfigurationList section */
		6295148E19F280156EA9B873 /* Build configuration list for PBXNativeTarget "Memo" */ = {
			isa = XCConfigurationList;
			buildConfigurations = (
				CB990AC10C4FF7D38E572E97 /* Debug */,
				CEB9362C78C472991D1387F0 /* Release */,
			);
			defaultConfigurationIsVisible = 0;
			defaultConfigurationName = Release;
		};
		7EC60AD3B94D77CD4F10E43C /* Build configuration list for PBXProject "Memo" */ = {
			isa = XCConfigurationList;
			buildConfigurations = (
				EFCB622DD53F9CDF21052382 /* Debug */,
				273D66B9E69C60D9442A5D78 /* Release */,
			);
			defaultConfigurationIsVisible = 0;
			defaultConfigurationName = Release;
		};
		98BC4B871995FCBC3190F229 /* Build configuration list for PBXNativeTarget "MemoTests" */ = {
			isa = XCConfigurationList;
			buildConfigurations = (
				EB1F88B4F4E8DEE78EDCFCE7 /* Debug */,
				CB247636CAD0CEE7D222C408 /* Release */,
			);
			defaultConfigurationIsVisible = 0;
			defaultConfigurationName = Release;
		};
/* End XCConfigurationList section */

/* Begin XCRemoteSwiftPackageReference section */
		29B8EF8C7542E2A46EC0493A /* XCRemoteSwiftPackageReference "RxSwift" */ = {
			isa = XCRemoteSwiftPackageReference;
			repositoryURL = "https://github.com/ReactiveX/RxSwift.git";
			requirement = {
				kind = upToNextMinorVersion;
				minimumVersion = 6.5.0;
			};
		};
		4C87E5E361B074259E97ACF2 /* XCRemoteSwiftPackageReference "RIBs" */ = {
			isa = XCRemoteSwiftPackageReference;
			repositoryURL = "https://github.com/uber/RIBs.git";
			requirement = {
				branch = main;
				kind = branch;
			};
		};
		A40DAE9F2B6B9E3BC1192BB8 /* XCRemoteSwiftPackageReference "Then" */ = {
			isa = XCRemoteSwiftPackageReference;
			repositoryURL = "https://github.com/devxoul/Then";
			requirement = {
				kind = upToNextMinorVersion;
				minimumVersion = 3.0.0;
			};
		};
		B2DE47650721F9C752FDA6FC /* XCRemoteSwiftPackageReference "SnapKit" */ = {
			isa = XCRemoteSwiftPackageReference;
			repositoryURL = "https://github.com/SnapKit/SnapKit.git";
			requirement = {
				kind = upToNextMinorVersion;
				minimumVersion = 5.0.1;
			};
		};
/* End XCRemoteSwiftPackageReference section */

/* Begin XCSwiftPackageProductDependency section */
		75BC98886C827A099ACCC6CE /* Then */ = {
			isa = XCSwiftPackageProductDependency;
			productName = Then;
		};
		854262613D6E01C505B4BA92 /* RIBs */ = {
			isa = XCSwiftPackageProductDependency;
			productName = RIBs;
		};
		BF93AAAB3762D33AAFA3E594 /* RxSwift */ = {
			isa = XCSwiftPackageProductDependency;
			productName = RxSwift;
		};
		C28E9DA5AB248067FB46BA51 /* RxTest */ = {
			isa = XCSwiftPackageProductDependency;
			productName = RxTest;
		};
		E0372A427FC431C5A777F08C /* SnapKit */ = {
			isa = XCSwiftPackageProductDependency;
			productName = SnapKit;
		};
/* End XCSwiftPackageProductDependency section */
	};
	rootObject = 017A2E9D518BB920B1A08D50 /* Project object */;
}
