// !$*UTF8*$!
{
	archiveVersion = 1;
	classes = {
	};
	objectVersion = 50;
	objects = {

/* Begin PBXBuildFile section */
		03698647F0AA4F49978736DE /* RxTest.framework in Frameworks */ = {isa = PBXBuildFile; fileRef = B9B32D45231CBC9DA63EE72D /* RxTest.framework */; platformFilter = ios; };
		0417B47CC902448A791899C0 /* RxBlocking.framework in Embed Frameworks */ = {isa = PBXBuildFile; fileRef = 3E88B19C9B3967B2381AB2D4 /* RxBlocking.framework */; platformFilter = ios; settings = {ATTRIBUTES = (CodeSignOnCopy, RemoveHeadersOnCopy, ); }; };
		1157751D59446DB10F3B2737 /* RxBlocking.framework in Frameworks */ = {isa = PBXBuildFile; fileRef = 3E88B19C9B3967B2381AB2D4 /* RxBlocking.framework */; platformFilter = ios; };
		1D2EB39EB5248726A977C523 /* CwlCatchException.framework in Frameworks */ = {isa = PBXBuildFile; fileRef = 3515A122E87C7D00B576F7EA /* CwlCatchException.framework */; platformFilter = ios; };
		1ED8C1F97F85EE6C65EC059B /* RxNimble.framework in Frameworks */ = {isa = PBXBuildFile; fileRef = 698F97A89866B2AF88D2E42B /* RxNimble.framework */; platformFilter = ios; };
		36C7C02F1689A6255D4948DB /* TuistBundle+Memo.swift in Sources */ = {isa = PBXBuildFile; fileRef = CD0692542445A468FF4B1EDE /* TuistBundle+Memo.swift */; };
		3F77F4F4464CA9FA4926C45C /* ViewController.swift in Sources */ = {isa = PBXBuildFile; fileRef = AA73C838CCDAD3BD44B666F9 /* ViewController.swift */; };
		51AFD73D2FA979DDB9E43577 /* Nimble.framework in Frameworks */ = {isa = PBXBuildFile; fileRef = E78E56D4C37F98EA4F18AA93 /* Nimble.framework */; platformFilter = ios; };
		553C509EF414229C02BB7EDD /* RxRelay.framework in Embed Frameworks */ = {isa = PBXBuildFile; fileRef = 922638288A8920E07C93CCCE /* RxRelay.framework */; platformFilter = ios; settings = {ATTRIBUTES = (CodeSignOnCopy, RemoveHeadersOnCopy, ); }; };
		61514E6600A603839E615F67 /* RxSwift.framework in Frameworks */ = {isa = PBXBuildFile; fileRef = F20E1533A71A5B1E197A62FC /* RxSwift.framework */; platformFilter = ios; };
		659721B449B876BC65658EC3 /* CwlPreconditionTesting.framework in Frameworks */ = {isa = PBXBuildFile; fileRef = 7F2E44659BFBA905EE31523B /* CwlPreconditionTesting.framework */; platformFilter = ios; };
		699D88EEBB2202787D7D899E /* AppDelegate.swift in Sources */ = {isa = PBXBuildFile; fileRef = 092AE38487025D78590F14A0 /* AppDelegate.swift */; };
		842BBF0788785CFD3949D103 /* SnapKit.framework in Frameworks */ = {isa = PBXBuildFile; fileRef = BD3361B8227AF655D5A403F4 /* SnapKit.framework */; platformFilter = ios; };
		87774A15C5BFCB3F5F9DDE31 /* LaunchScreen.storyboard in Resources */ = {isa = PBXBuildFile; fileRef = BB1F6E63F010AAD5D112F4DC /* LaunchScreen.storyboard */; };
		B2870DF49C113F170C0AD6F3 /* CwlCatchExceptionSupport.framework in Frameworks */ = {isa = PBXBuildFile; fileRef = 26198E8400767CC7F47D0B4A /* CwlCatchExceptionSupport.framework */; platformFilter = ios; };
		BCB54DB40FF857AF179549C4 /* RxTest.framework in Embed Frameworks */ = {isa = PBXBuildFile; fileRef = B9B32D45231CBC9DA63EE72D /* RxTest.framework */; platformFilter = ios; settings = {ATTRIBUTES = (CodeSignOnCopy, RemoveHeadersOnCopy, ); }; };
		BE5BE39C9CC3A7A4ED472CAF /* SceneDelegate.swift in Sources */ = {isa = PBXBuildFile; fileRef = EDE0BA295C19509048814B9C /* SceneDelegate.swift */; };
		BEC0CF93CAC74A0432ADD743 /* RxSwift.framework in Frameworks */ = {isa = PBXBuildFile; fileRef = F20E1533A71A5B1E197A62FC /* RxSwift.framework */; platformFilter = ios; };
		C663C1A448B5FFA6A37E0F04 /* RxRelay.framework in Frameworks */ = {isa = PBXBuildFile; fileRef = 922638288A8920E07C93CCCE /* RxRelay.framework */; platformFilter = ios; };
		CB0E0FFA2DAB21392EC49D60 /* Then.framework in Frameworks */ = {isa = PBXBuildFile; fileRef = 204CA1F8321BECD148CD7DAB /* Then.framework */; platformFilter = ios; };
		CEF9B2D756A2C55A65A2E032 /* RIBs.framework in Frameworks */ = {isa = PBXBuildFile; fileRef = F784AC4F62718CD849E68F90 /* RIBs.framework */; platformFilter = ios; };
		E99AB39714FBFAF0A77F8CE9 /* Assets.xcassets in Resources */ = {isa = PBXBuildFile; fileRef = 4AEB03F602BEE37F193F8D0B /* Assets.xcassets */; };
		EBD4011457DDD5119E4B51C8 /* CwlMachBadInstructionHandler.framework in Frameworks */ = {isa = PBXBuildFile; fileRef = 24A517CFFB847E31F10D5A67 /* CwlMachBadInstructionHandler.framework */; platformFilter = ios; };
		F8197BD5ED96D8BA2B1F1B73 /* RxSwift.framework in Embed Frameworks */ = {isa = PBXBuildFile; fileRef = F20E1533A71A5B1E197A62FC /* RxSwift.framework */; platformFilter = ios; settings = {ATTRIBUTES = (CodeSignOnCopy, RemoveHeadersOnCopy, ); }; };
		F912C10D36FECEA11738D360 /* TuistAssets+Memo.swift in Sources */ = {isa = PBXBuildFile; fileRef = 9057980BF85B78B9CF676C24 /* TuistAssets+Memo.swift */; };
/* End PBXBuildFile section */

/* Begin PBXContainerItemProxy section */
		DAAFDD6D4BCE6FC900CFCD73 /* PBXContainerItemProxy */ = {
			isa = PBXContainerItemProxy;
			containerPortal = B06F39D93F67D10D84A35257 /* Project object */;
			proxyType = 1;
			remoteGlobalIDString = 65D5BB028DD3948C87B2F2D4;
			remoteInfo = memo;
		};
/* End PBXContainerItemProxy section */

/* Begin PBXCopyFilesBuildPhase section */
		377E7B97E99570370A26B4F0 /* Embed Frameworks */ = {
			isa = PBXCopyFilesBuildPhase;
			buildActionMask = 2147483647;
			dstPath = "";
			dstSubfolderSpec = 10;
			files = (
				0417B47CC902448A791899C0 /* RxBlocking.framework in Embed Frameworks */,
				BCB54DB40FF857AF179549C4 /* RxTest.framework in Embed Frameworks */,
			);
			name = "Embed Frameworks";
			runOnlyForDeploymentPostprocessing = 0;
		};
		746263224872D0F3FA04C694 /* Embed Frameworks */ = {
			isa = PBXCopyFilesBuildPhase;
			buildActionMask = 2147483647;
			dstPath = "";
			dstSubfolderSpec = 10;
			files = (
				553C509EF414229C02BB7EDD /* RxRelay.framework in Embed Frameworks */,
				F8197BD5ED96D8BA2B1F1B73 /* RxSwift.framework in Embed Frameworks */,
			);
			name = "Embed Frameworks";
			runOnlyForDeploymentPostprocessing = 0;
		};
/* End PBXCopyFilesBuildPhase section */

/* Begin PBXFileReference section */
		092AE38487025D78590F14A0 /* AppDelegate.swift */ = {isa = PBXFileReference; lastKnownFileType = sourcecode.swift; path = AppDelegate.swift; sourceTree = "<group>"; };
		204CA1F8321BECD148CD7DAB /* Then.framework */ = {isa = PBXFileReference; explicitFileType = wrapper.framework; includeInIndex = 0; path = Then.framework; sourceTree = BUILT_PRODUCTS_DIR; };
		24A517CFFB847E31F10D5A67 /* CwlMachBadInstructionHandler.framework */ = {isa = PBXFileReference; explicitFileType = wrapper.framework; includeInIndex = 0; path = CwlMachBadInstructionHandler.framework; sourceTree = BUILT_PRODUCTS_DIR; };
		26198E8400767CC7F47D0B4A /* CwlCatchExceptionSupport.framework */ = {isa = PBXFileReference; explicitFileType = wrapper.framework; includeInIndex = 0; path = CwlCatchExceptionSupport.framework; sourceTree = BUILT_PRODUCTS_DIR; };
		3515A122E87C7D00B576F7EA /* CwlCatchException.framework */ = {isa = PBXFileReference; explicitFileType = wrapper.framework; includeInIndex = 0; path = CwlCatchException.framework; sourceTree = BUILT_PRODUCTS_DIR; };
		38AA285ED1E7BDC7BA676194 /* memo.app */ = {isa = PBXFileReference; explicitFileType = wrapper.application; includeInIndex = 0; path = memo.app; sourceTree = BUILT_PRODUCTS_DIR; };
		3E88B19C9B3967B2381AB2D4 /* RxBlocking.framework */ = {isa = PBXFileReference; explicitFileType = wrapper.framework; includeInIndex = 0; path = RxBlocking.framework; sourceTree = BUILT_PRODUCTS_DIR; };
		4AEB03F602BEE37F193F8D0B /* Assets.xcassets */ = {isa = PBXFileReference; lastKnownFileType = folder.assetcatalog; path = Assets.xcassets; sourceTree = "<group>"; };
		4B8A279F05053744F66B795B /* memoTests.xctest */ = {isa = PBXFileReference; explicitFileType = wrapper.cfbundle; includeInIndex = 0; path = memoTests.xctest; sourceTree = BUILT_PRODUCTS_DIR; };
		592C366A0FB9473723459208 /* memoTests-Info.plist */ = {isa = PBXFileReference; lastKnownFileType = text.plist; path = "memoTests-Info.plist"; sourceTree = "<group>"; };
		698F97A89866B2AF88D2E42B /* RxNimble.framework */ = {isa = PBXFileReference; explicitFileType = wrapper.framework; includeInIndex = 0; path = RxNimble.framework; sourceTree = BUILT_PRODUCTS_DIR; };
		7F2E44659BFBA905EE31523B /* CwlPreconditionTesting.framework */ = {isa = PBXFileReference; explicitFileType = wrapper.framework; includeInIndex = 0; path = CwlPreconditionTesting.framework; sourceTree = BUILT_PRODUCTS_DIR; };
		9057980BF85B78B9CF676C24 /* TuistAssets+Memo.swift */ = {isa = PBXFileReference; lastKnownFileType = sourcecode.swift; path = "TuistAssets+Memo.swift"; sourceTree = "<group>"; };
		922638288A8920E07C93CCCE /* RxRelay.framework */ = {isa = PBXFileReference; explicitFileType = wrapper.framework; includeInIndex = 0; path = RxRelay.framework; sourceTree = BUILT_PRODUCTS_DIR; };
		AA73C838CCDAD3BD44B666F9 /* ViewController.swift */ = {isa = PBXFileReference; lastKnownFileType = sourcecode.swift; path = ViewController.swift; sourceTree = "<group>"; };
		B9B32D45231CBC9DA63EE72D /* RxTest.framework */ = {isa = PBXFileReference; explicitFileType = wrapper.framework; includeInIndex = 0; path = RxTest.framework; sourceTree = BUILT_PRODUCTS_DIR; };
		BD3361B8227AF655D5A403F4 /* SnapKit.framework */ = {isa = PBXFileReference; explicitFileType = wrapper.framework; includeInIndex = 0; path = SnapKit.framework; sourceTree = BUILT_PRODUCTS_DIR; };
		CD0692542445A468FF4B1EDE /* TuistBundle+Memo.swift */ = {isa = PBXFileReference; lastKnownFileType = sourcecode.swift; path = "TuistBundle+Memo.swift"; sourceTree = "<group>"; };
		CFD5F04204C4D0CE6E528D8E /* Base */ = {isa = PBXFileReference; lastKnownFileType = file.storyboard; name = Base; path = Base.lproj/LaunchScreen.storyboard; sourceTree = "<group>"; };
		DD09534BE25E415F87129F1B /* Info.plist */ = {isa = PBXFileReference; lastKnownFileType = text.plist; path = Info.plist; sourceTree = "<group>"; };
		E78E56D4C37F98EA4F18AA93 /* Nimble.framework */ = {isa = PBXFileReference; explicitFileType = wrapper.framework; includeInIndex = 0; path = Nimble.framework; sourceTree = BUILT_PRODUCTS_DIR; };
		EDE0BA295C19509048814B9C /* SceneDelegate.swift */ = {isa = PBXFileReference; lastKnownFileType = sourcecode.swift; path = SceneDelegate.swift; sourceTree = "<group>"; };
		F20E1533A71A5B1E197A62FC /* RxSwift.framework */ = {isa = PBXFileReference; explicitFileType = wrapper.framework; includeInIndex = 0; path = RxSwift.framework; sourceTree = BUILT_PRODUCTS_DIR; };
		F784AC4F62718CD849E68F90 /* RIBs.framework */ = {isa = PBXFileReference; explicitFileType = wrapper.framework; includeInIndex = 0; path = RIBs.framework; sourceTree = BUILT_PRODUCTS_DIR; };
/* End PBXFileReference section */

/* Begin PBXFrameworksBuildPhase section */
		5DD237199F6DDE81BCC8D057 /* Frameworks */ = {
			isa = PBXFrameworksBuildPhase;
			buildActionMask = 2147483647;
			files = (
				CEF9B2D756A2C55A65A2E032 /* RIBs.framework in Frameworks */,
				C663C1A448B5FFA6A37E0F04 /* RxRelay.framework in Frameworks */,
				BEC0CF93CAC74A0432ADD743 /* RxSwift.framework in Frameworks */,
				842BBF0788785CFD3949D103 /* SnapKit.framework in Frameworks */,
				CB0E0FFA2DAB21392EC49D60 /* Then.framework in Frameworks */,
			);
			runOnlyForDeploymentPostprocessing = 0;
		};
		A16F10EEFCF94EEA7B6D9972 /* Frameworks */ = {
			isa = PBXFrameworksBuildPhase;
			buildActionMask = 2147483647;
			files = (
				1D2EB39EB5248726A977C523 /* CwlCatchException.framework in Frameworks */,
				B2870DF49C113F170C0AD6F3 /* CwlCatchExceptionSupport.framework in Frameworks */,
				EBD4011457DDD5119E4B51C8 /* CwlMachBadInstructionHandler.framework in Frameworks */,
				659721B449B876BC65658EC3 /* CwlPreconditionTesting.framework in Frameworks */,
				51AFD73D2FA979DDB9E43577 /* Nimble.framework in Frameworks */,
				1157751D59446DB10F3B2737 /* RxBlocking.framework in Frameworks */,
				1ED8C1F97F85EE6C65EC059B /* RxNimble.framework in Frameworks */,
				61514E6600A603839E615F67 /* RxSwift.framework in Frameworks */,
				03698647F0AA4F49978736DE /* RxTest.framework in Frameworks */,
			);
			runOnlyForDeploymentPostprocessing = 0;
		};
/* End PBXFrameworksBuildPhase section */

/* Begin PBXGroup section */
		04BAFF8DE019266FD7E4B076 /* Entry */ = {
			isa = PBXGroup;
			children = (
				092AE38487025D78590F14A0 /* AppDelegate.swift */,
				EDE0BA295C19509048814B9C /* SceneDelegate.swift */,
			);
			path = Entry;
			sourceTree = "<group>";
		};
		203522C362B0AA3EB7E86583 /* Supported Files */ = {
			isa = PBXGroup;
			children = (
				DD09534BE25E415F87129F1B /* Info.plist */,
			);
			path = "Supported Files";
			sourceTree = "<group>";
		};
		581A31E82F734584ACF02CF8 /* Sources */ = {
			isa = PBXGroup;
			children = (
				9057980BF85B78B9CF676C24 /* TuistAssets+Memo.swift */,
				CD0692542445A468FF4B1EDE /* TuistBundle+Memo.swift */,
			);
			path = Sources;
			sourceTree = "<group>";
		};
		6FCA6D75F77974147B033660 /* Sources */ = {
			isa = PBXGroup;
			children = (
				04BAFF8DE019266FD7E4B076 /* Entry */,
				FD38132EE3B35303AB20C655 /* Root */,
			);
			path = Sources;
			sourceTree = "<group>";
		};
		7C9E4EE127CC2FA6E8892F66 /* Products */ = {
			isa = PBXGroup;
			children = (
				3515A122E87C7D00B576F7EA /* CwlCatchException.framework */,
				26198E8400767CC7F47D0B4A /* CwlCatchExceptionSupport.framework */,
				24A517CFFB847E31F10D5A67 /* CwlMachBadInstructionHandler.framework */,
				7F2E44659BFBA905EE31523B /* CwlPreconditionTesting.framework */,
				38AA285ED1E7BDC7BA676194 /* memo.app */,
				4B8A279F05053744F66B795B /* memoTests.xctest */,
				E78E56D4C37F98EA4F18AA93 /* Nimble.framework */,
				F784AC4F62718CD849E68F90 /* RIBs.framework */,
				3E88B19C9B3967B2381AB2D4 /* RxBlocking.framework */,
				698F97A89866B2AF88D2E42B /* RxNimble.framework */,
				922638288A8920E07C93CCCE /* RxRelay.framework */,
				F20E1533A71A5B1E197A62FC /* RxSwift.framework */,
				B9B32D45231CBC9DA63EE72D /* RxTest.framework */,
				BD3361B8227AF655D5A403F4 /* SnapKit.framework */,
				204CA1F8321BECD148CD7DAB /* Then.framework */,
			);
			name = Products;
			sourceTree = "<group>";
		};
		8035D7E0A908E1EB33278A94 /* InfoPlists */ = {
			isa = PBXGroup;
			children = (
				592C366A0FB9473723459208 /* memoTests-Info.plist */,
			);
			path = InfoPlists;
			sourceTree = "<group>";
		};
		A2A3807C5E200A4A6E42BAE5 /* Derived */ = {
			isa = PBXGroup;
			children = (
				8035D7E0A908E1EB33278A94 /* InfoPlists */,
				581A31E82F734584ACF02CF8 /* Sources */,
			);
			path = Derived;
			sourceTree = "<group>";
		};
		C666DBD44196B97B40306E9D /* Project */ = {
			isa = PBXGroup;
			children = (
				A2A3807C5E200A4A6E42BAE5 /* Derived */,
				D5B1862B578EABFEABCA2017 /* Resources */,
				6FCA6D75F77974147B033660 /* Sources */,
				203522C362B0AA3EB7E86583 /* Supported Files */,
			);
			name = Project;
			sourceTree = "<group>";
		};
		D5A3A16DAF1692D43C27BA0E /* Frameworks */ = {
			isa = PBXGroup;
			children = (
			);
			name = Frameworks;
			sourceTree = "<group>";
		};
		D5B1862B578EABFEABCA2017 /* Resources */ = {
			isa = PBXGroup;
			children = (
				BB1F6E63F010AAD5D112F4DC /* LaunchScreen.storyboard */,
				4AEB03F602BEE37F193F8D0B /* Assets.xcassets */,
			);
			path = Resources;
			sourceTree = "<group>";
		};
		F11C41EFFEEE33CB3C746450 = {
			isa = PBXGroup;
			children = (
				C666DBD44196B97B40306E9D /* Project */,
				D5A3A16DAF1692D43C27BA0E /* Frameworks */,
				7C9E4EE127CC2FA6E8892F66 /* Products */,
			);
			sourceTree = "<group>";
		};
		FD38132EE3B35303AB20C655 /* Root */ = {
			isa = PBXGroup;
			children = (
				AA73C838CCDAD3BD44B666F9 /* ViewController.swift */,
			);
			path = Root;
			sourceTree = "<group>";
		};
/* End PBXGroup section */

/* Begin PBXNativeTarget section */
		4B6F3FBBA3E764F252D469E2 /* memoTests */ = {
			isa = PBXNativeTarget;
			buildConfigurationList = 6BEE79960151B65BC73BF87E /* Build configuration list for PBXNativeTarget "memoTests" */;
			buildPhases = (
				1AE3E89403D798CBD272C41D /* Sources */,
				A85A5097266F50F3205C2232 /* Resources */,
				377E7B97E99570370A26B4F0 /* Embed Frameworks */,
				A16F10EEFCF94EEA7B6D9972 /* Frameworks */,
			);
			buildRules = (
			);
			dependencies = (
				A903313B5CF08DA336929EFE /* PBXTargetDependency */,
			);
			name = memoTests;
			productName = memoTests;
			productReference = 4B8A279F05053744F66B795B /* memoTests.xctest */;
			productType = "com.apple.product-type.bundle.unit-test";
		};
		65D5BB028DD3948C87B2F2D4 /* memo */ = {
			isa = PBXNativeTarget;
			buildConfigurationList = E3EAEE48660F144DB0FDAEE4 /* Build configuration list for PBXNativeTarget "memo" */;
			buildPhases = (
				B82E497765C29E0DC3B6133D /* Sources */,
				D36342B520181BBA2A159489 /* Resources */,
				746263224872D0F3FA04C694 /* Embed Frameworks */,
				5DD237199F6DDE81BCC8D057 /* Frameworks */,
			);
			buildRules = (
			);
			dependencies = (
			);
			name = memo;
			productName = memo;
			productReference = 38AA285ED1E7BDC7BA676194 /* memo.app */;
			productType = "com.apple.product-type.application";
		};
/* End PBXNativeTarget section */

/* Begin PBXProject section */
		B06F39D93F67D10D84A35257 /* Project object */ = {
			isa = PBXProject;
			attributes = {
				ORGANIZATIONNAME = team.io;
				TargetAttributes = {
					4B6F3FBBA3E764F252D469E2 = {
						TestTargetID = 65D5BB028DD3948C87B2F2D4;
					};
				};
			};
			buildConfigurationList = 42FA2746E7B23F4190E4598E /* Build configuration list for PBXProject "memo" */;
			compatibilityVersion = "Xcode 13.0";
			developmentRegion = en;
			hasScannedForEncodings = 0;
			knownRegions = (
				Base,
				en,
			);
			mainGroup = F11C41EFFEEE33CB3C746450;
			productRefGroup = 7C9E4EE127CC2FA6E8892F66 /* Products */;
			projectDirPath = "";
			projectRoot = "";
			targets = (
				65D5BB028DD3948C87B2F2D4 /* memo */,
				4B6F3FBBA3E764F252D469E2 /* memoTests */,
			);
		};
/* End PBXProject section */

/* Begin PBXResourcesBuildPhase section */
		A85A5097266F50F3205C2232 /* Resources */ = {
			isa = PBXResourcesBuildPhase;
			buildActionMask = 2147483647;
			files = (
			);
			runOnlyForDeploymentPostprocessing = 0;
		};
		D36342B520181BBA2A159489 /* Resources */ = {
			isa = PBXResourcesBuildPhase;
			buildActionMask = 2147483647;
			files = (
				E99AB39714FBFAF0A77F8CE9 /* Assets.xcassets in Resources */,
				87774A15C5BFCB3F5F9DDE31 /* LaunchScreen.storyboard in Resources */,
			);
			runOnlyForDeploymentPostprocessing = 0;
		};
/* End PBXResourcesBuildPhase section */

/* Begin PBXSourcesBuildPhase section */
		1AE3E89403D798CBD272C41D /* Sources */ = {
			isa = PBXSourcesBuildPhase;
			buildActionMask = 2147483647;
			files = (
			);
			runOnlyForDeploymentPostprocessing = 0;
		};
		B82E497765C29E0DC3B6133D /* Sources */ = {
			isa = PBXSourcesBuildPhase;
			buildActionMask = 2147483647;
			files = (
				F912C10D36FECEA11738D360 /* TuistAssets+Memo.swift in Sources */,
				36C7C02F1689A6255D4948DB /* TuistBundle+Memo.swift in Sources */,
				699D88EEBB2202787D7D899E /* AppDelegate.swift in Sources */,
				BE5BE39C9CC3A7A4ED472CAF /* SceneDelegate.swift in Sources */,
				3F77F4F4464CA9FA4926C45C /* ViewController.swift in Sources */,
			);
			runOnlyForDeploymentPostprocessing = 0;
		};
/* End PBXSourcesBuildPhase section */

/* Begin PBXTargetDependency section */
		A903313B5CF08DA336929EFE /* PBXTargetDependency */ = {
			isa = PBXTargetDependency;
			name = memo;
			target = 65D5BB028DD3948C87B2F2D4 /* memo */;
			targetProxy = DAAFDD6D4BCE6FC900CFCD73 /* PBXContainerItemProxy */;
		};
/* End PBXTargetDependency section */

/* Begin PBXVariantGroup section */
		BB1F6E63F010AAD5D112F4DC /* LaunchScreen.storyboard */ = {
			isa = PBXVariantGroup;
			children = (
				CFD5F04204C4D0CE6E528D8E /* Base */,
			);
			name = LaunchScreen.storyboard;
			sourceTree = "<group>";
		};
/* End PBXVariantGroup section */

/* Begin XCBuildConfiguration section */
		0D60C4EB3DF59CC2389C0301 /* Release */ = {
			isa = XCBuildConfiguration;
			buildSettings = {
				ASSETCATALOG_COMPILER_APPICON_NAME = AppIcon;
				CODE_SIGN_IDENTITY = "iPhone Developer";
				ENABLE_PREVIEWS = YES;
				INFOPLIST_FILE = "Supported Files/Info.plist";
				IPHONEOS_DEPLOYMENT_TARGET = 14.2;
				LD_RUNPATH_SEARCH_PATHS = (
					"$(inherited)",
					"@executable_path/Frameworks",
				);
				PRODUCT_BUNDLE_IDENTIFIER = team.io.memo;
				PRODUCT_NAME = memo;
				SDKROOT = iphoneos;
				SUPPORTS_MACCATALYST = NO;
				SWIFT_COMPILATION_MODE = wholemodule;
				SWIFT_OPTIMIZATION_LEVEL = "-Owholemodule";
				SWIFT_VERSION = 5.0;
				TARGETED_DEVICE_FAMILY = 1;
			};
			name = Release;
		};
		227351138C7E6BD8D766DCFC /* Debug */ = {
			isa = XCBuildConfiguration;
			buildSettings = {
				ASSETCATALOG_COMPILER_APPICON_NAME = AppIcon;
				CODE_SIGN_IDENTITY = "iPhone Developer";
				ENABLE_PREVIEWS = YES;
				INFOPLIST_FILE = "Supported Files/Info.plist";
				IPHONEOS_DEPLOYMENT_TARGET = 14.2;
				LD_RUNPATH_SEARCH_PATHS = (
					"$(inherited)",
					"@executable_path/Frameworks",
				);
				PRODUCT_BUNDLE_IDENTIFIER = team.io.memo;
				PRODUCT_NAME = memo;
				SDKROOT = iphoneos;
				SUPPORTS_MACCATALYST = NO;
				SWIFT_ACTIVE_COMPILATION_CONDITIONS = DEBUG;
				SWIFT_COMPILATION_MODE = singlefile;
				SWIFT_OPTIMIZATION_LEVEL = "-Onone";
				SWIFT_VERSION = 5.0;
				TARGETED_DEVICE_FAMILY = 1;
			};
			name = Debug;
		};
		3535A51CF6D7CEEAFEBF4683 /* Release */ = {
			isa = XCBuildConfiguration;
			buildSettings = {
				BUNDLE_LOADER = "$(TEST_HOST)";
				CODE_SIGN_IDENTITY = "iPhone Developer";
				INFOPLIST_FILE = "Derived/InfoPlists/memoTests-Info.plist";
				LD_RUNPATH_SEARCH_PATHS = (
					"$(inherited)",
					"@executable_path/Frameworks",
					"@loader_path/Frameworks",
				);
				OTHER_CFLAGS = (
					"$(inherited)",
					"-fmodule-map-file=$(SRCROOT)/../../Tuist/Dependencies/SwiftPackageManager/.build/checkouts/CwlCatchException/Sources/CwlCatchExceptionSupport/include/CwlCatchExceptionSupport.modulemap",
				);
				OTHER_SWIFT_FLAGS = (
					"$(inherited)",
					"-Xcc",
					"-fmodule-map-file=$(SRCROOT)/../../Tuist/Dependencies/SwiftPackageManager/.build/checkouts/CwlCatchException/Sources/CwlCatchExceptionSupport/include/CwlCatchExceptionSupport.modulemap",
				);
				PRODUCT_BUNDLE_IDENTIFIER = team.io.Tests;
				PRODUCT_NAME = memoTests;
				SDKROOT = iphoneos;
				SWIFT_COMPILATION_MODE = wholemodule;
				SWIFT_OPTIMIZATION_LEVEL = "-Owholemodule";
				SWIFT_VERSION = 5.0;
				TARGETED_DEVICE_FAMILY = "1,2";
				TEST_HOST = "$(BUILT_PRODUCTS_DIR)/memo.app/memo";
				TEST_TARGET_NAME = memo;
			};
			name = Release;
		};
		4C01B61939B884CF4AAAD6A2 /* Release */ = {
			isa = XCBuildConfiguration;
			buildSettings = {
				ALWAYS_SEARCH_USER_PATHS = NO;
				CLANG_ANALYZER_LOCALIZABILITY_NONLOCALIZED = YES;
				CLANG_ANALYZER_NONNULL = YES;
				CLANG_ANALYZER_NUMBER_OBJECT_CONVERSION = YES_AGGRESSIVE;
				CLANG_CXX_LANGUAGE_STANDARD = "gnu++14";
				CLANG_CXX_LIBRARY = "libc++";
				CLANG_ENABLE_MODULES = YES;
				CLANG_ENABLE_OBJC_ARC = YES;
				CLANG_ENABLE_OBJC_WEAK = YES;
				CLANG_WARN_BLOCK_CAPTURE_AUTORELEASING = YES;
				CLANG_WARN_BOOL_CONVERSION = YES;
				CLANG_WARN_COMMA = YES;
				CLANG_WARN_CONSTANT_CONVERSION = YES;
				CLANG_WARN_DEPRECATED_OBJC_IMPLEMENTATIONS = YES;
				CLANG_WARN_DIRECT_OBJC_ISA_USAGE = YES_ERROR;
				CLANG_WARN_DOCUMENTATION_COMMENTS = YES;
				CLANG_WARN_EMPTY_BODY = YES;
				CLANG_WARN_ENUM_CONVERSION = YES;
				CLANG_WARN_INFINITE_RECURSION = YES;
				CLANG_WARN_INT_CONVERSION = YES;
				CLANG_WARN_NON_LITERAL_NULL_CONVERSION = YES;
				CLANG_WARN_OBJC_IMPLICIT_RETAIN_SELF = YES;
				CLANG_WARN_OBJC_LITERAL_CONVERSION = YES;
				CLANG_WARN_OBJC_ROOT_CLASS = YES_ERROR;
				CLANG_WARN_QUOTED_INCLUDE_IN_FRAMEWORK_HEADER = YES;
				CLANG_WARN_RANGE_LOOP_ANALYSIS = YES;
				CLANG_WARN_STRICT_PROTOTYPES = YES;
				CLANG_WARN_SUSPICIOUS_MOVE = YES;
				CLANG_WARN_UNGUARDED_AVAILABILITY = YES_AGGRESSIVE;
				CLANG_WARN_UNREACHABLE_CODE = YES;
				CLANG_WARN__DUPLICATE_METHOD_MATCH = YES;
				COPY_PHASE_STRIP = NO;
				DEAD_CODE_STRIPPING = YES;
				DEBUG_INFORMATION_FORMAT = "dwarf-with-dsym";
				ENABLE_NS_ASSERTIONS = NO;
				ENABLE_STRICT_OBJC_MSGSEND = YES;
				GCC_C_LANGUAGE_STANDARD = gnu11;
				GCC_NO_COMMON_BLOCKS = YES;
				GCC_WARN_64_TO_32_BIT_CONVERSION = YES;
				GCC_WARN_ABOUT_RETURN_TYPE = YES_ERROR;
				GCC_WARN_UNDECLARED_SELECTOR = YES;
				GCC_WARN_UNINITIALIZED_AUTOS = YES_AGGRESSIVE;
				GCC_WARN_UNUSED_FUNCTION = YES;
				GCC_WARN_UNUSED_VARIABLE = YES;
				MTL_ENABLE_DEBUG_INFO = NO;
				PRODUCT_NAME = "$(TARGET_NAME)";
				VALIDATE_PRODUCT = YES;
			};
			name = Release;
		};
		7EE49DF0D1235C5026F90A3E /* Debug */ = {
			isa = XCBuildConfiguration;
			buildSettings = {
				BUNDLE_LOADER = "$(TEST_HOST)";
				CODE_SIGN_IDENTITY = "iPhone Developer";
				INFOPLIST_FILE = "Derived/InfoPlists/memoTests-Info.plist";
				LD_RUNPATH_SEARCH_PATHS = (
					"$(inherited)",
					"@executable_path/Frameworks",
					"@loader_path/Frameworks",
				);
				OTHER_CFLAGS = (
					"$(inherited)",
					"-fmodule-map-file=$(SRCROOT)/../../Tuist/Dependencies/SwiftPackageManager/.build/checkouts/CwlCatchException/Sources/CwlCatchExceptionSupport/include/CwlCatchExceptionSupport.modulemap",
				);
				OTHER_SWIFT_FLAGS = (
					"$(inherited)",
					"-Xcc",
					"-fmodule-map-file=$(SRCROOT)/../../Tuist/Dependencies/SwiftPackageManager/.build/checkouts/CwlCatchException/Sources/CwlCatchExceptionSupport/include/CwlCatchExceptionSupport.modulemap",
				);
				PRODUCT_BUNDLE_IDENTIFIER = team.io.Tests;
				PRODUCT_NAME = memoTests;
				SDKROOT = iphoneos;
				SWIFT_ACTIVE_COMPILATION_CONDITIONS = DEBUG;
				SWIFT_COMPILATION_MODE = singlefile;
				SWIFT_OPTIMIZATION_LEVEL = "-Onone";
				SWIFT_VERSION = 5.0;
				TARGETED_DEVICE_FAMILY = "1,2";
				TEST_HOST = "$(BUILT_PRODUCTS_DIR)/memo.app/memo";
				TEST_TARGET_NAME = memo;
			};
			name = Debug;
		};
		E18376D9681823DCCF83D7EA /* Debug */ = {
			isa = XCBuildConfiguration;
			buildSettings = {
				ALWAYS_SEARCH_USER_PATHS = NO;
				CLANG_ANALYZER_LOCALIZABILITY_NONLOCALIZED = YES;
				CLANG_ANALYZER_NONNULL = YES;
				CLANG_ANALYZER_NUMBER_OBJECT_CONVERSION = YES_AGGRESSIVE;
				CLANG_CXX_LANGUAGE_STANDARD = "gnu++14";
				CLANG_CXX_LIBRARY = "libc++";
				CLANG_ENABLE_MODULES = YES;
				CLANG_ENABLE_OBJC_ARC = YES;
				CLANG_ENABLE_OBJC_WEAK = YES;
				CLANG_WARN_BLOCK_CAPTURE_AUTORELEASING = YES;
				CLANG_WARN_BOOL_CONVERSION = YES;
				CLANG_WARN_COMMA = YES;
				CLANG_WARN_CONSTANT_CONVERSION = YES;
				CLANG_WARN_DEPRECATED_OBJC_IMPLEMENTATIONS = YES;
				CLANG_WARN_DIRECT_OBJC_ISA_USAGE = YES_ERROR;
				CLANG_WARN_DOCUMENTATION_COMMENTS = YES;
				CLANG_WARN_EMPTY_BODY = YES;
				CLANG_WARN_ENUM_CONVERSION = YES;
				CLANG_WARN_INFINITE_RECURSION = YES;
				CLANG_WARN_INT_CONVERSION = YES;
				CLANG_WARN_NON_LITERAL_NULL_CONVERSION = YES;
				CLANG_WARN_OBJC_IMPLICIT_RETAIN_SELF = YES;
				CLANG_WARN_OBJC_LITERAL_CONVERSION = YES;
				CLANG_WARN_OBJC_ROOT_CLASS = YES_ERROR;
				CLANG_WARN_QUOTED_INCLUDE_IN_FRAMEWORK_HEADER = YES;
				CLANG_WARN_RANGE_LOOP_ANALYSIS = YES;
				CLANG_WARN_STRICT_PROTOTYPES = YES;
				CLANG_WARN_SUSPICIOUS_MOVE = YES;
				CLANG_WARN_UNGUARDED_AVAILABILITY = YES_AGGRESSIVE;
				CLANG_WARN_UNREACHABLE_CODE = YES;
				CLANG_WARN__DUPLICATE_METHOD_MATCH = YES;
				COPY_PHASE_STRIP = NO;
				DEAD_CODE_STRIPPING = YES;
				DEBUG_INFORMATION_FORMAT = dwarf;
				ENABLE_STRICT_OBJC_MSGSEND = YES;
				ENABLE_TESTABILITY = YES;
				GCC_C_LANGUAGE_STANDARD = gnu11;
				GCC_DYNAMIC_NO_PIC = NO;
				GCC_NO_COMMON_BLOCKS = YES;
				GCC_OPTIMIZATION_LEVEL = 0;
				GCC_PREPROCESSOR_DEFINITIONS = (
					"DEBUG=1",
					"$(inherited)",
				);
				GCC_WARN_64_TO_32_BIT_CONVERSION = YES;
				GCC_WARN_ABOUT_RETURN_TYPE = YES_ERROR;
				GCC_WARN_UNDECLARED_SELECTOR = YES;
				GCC_WARN_UNINITIALIZED_AUTOS = YES_AGGRESSIVE;
				GCC_WARN_UNUSED_FUNCTION = YES;
				GCC_WARN_UNUSED_VARIABLE = YES;
				MTL_ENABLE_DEBUG_INFO = YES;
				ONLY_ACTIVE_ARCH = YES;
				PRODUCT_NAME = "$(TARGET_NAME)";
			};
			name = Debug;
		};
/* End XCBuildConfiguration section */

/* Begin XCConfigurationList section */
		42FA2746E7B23F4190E4598E /* Build configuration list for PBXProject "memo" */ = {
			isa = XCConfigurationList;
			buildConfigurations = (
				E18376D9681823DCCF83D7EA /* Debug */,
				4C01B61939B884CF4AAAD6A2 /* Release */,
			);
			defaultConfigurationIsVisible = 0;
			defaultConfigurationName = Release;
		};
		6BEE79960151B65BC73BF87E /* Build configuration list for PBXNativeTarget "memoTests" */ = {
			isa = XCConfigurationList;
			buildConfigurations = (
				7EE49DF0D1235C5026F90A3E /* Debug */,
				3535A51CF6D7CEEAFEBF4683 /* Release */,
			);
			defaultConfigurationIsVisible = 0;
			defaultConfigurationName = Release;
		};
		E3EAEE48660F144DB0FDAEE4 /* Build configuration list for PBXNativeTarget "memo" */ = {
			isa = XCConfigurationList;
			buildConfigurations = (
				227351138C7E6BD8D766DCFC /* Debug */,
				0D60C4EB3DF59CC2389C0301 /* Release */,
			);
			defaultConfigurationIsVisible = 0;
			defaultConfigurationName = Release;
		};
/* End XCConfigurationList section */
	};
	rootObject = B06F39D93F67D10D84A35257 /* Project object */;
}
